
Microsoft Visual Studio Solution File, Format Version 10.00
# Visual Studio 2008
Project("{FAE04EC0-301F-11D3-BF4B-00C04F79EFBC}") = "Config", "Config\Config.csproj", "{E7025EBD-1ED5-4215-B925-38364A56F13D}"
EndProject
Project("{FAE04EC0-301F-11D3-BF4B-00C04F79EFBC}") = "ModelDesigner", "ModelDesigner\ModelDesigner.csproj", "{ACD95712-8B2F-4AAA-AC8A-2248D5B1C086}"
EndProject
Project("{FAE04EC0-301F-11D3-BF4B-00C04F79EFBC}") = "Core.ModelDesigner", "Core.ModelDesigner\Core.ModelDesigner.csproj", "{3A1F3CF4-3C23-4831-96BE-F250F13ABEC1}"
EndProject
Global
	GlobalSection(TeamFoundationVersionControl) = preSolution
		SccNumberOfProjects = 3
		SccEnterpriseProvider = {4CA58AB2-18FA-4F8D-95D4-32DDF27D184C}
		SccTeamFoundationServer = https://tfs04.codeplex.com/
		SccLocalPath0 = .
		SccProjectUniqueName1 = ModelDesigner\\ModelDesigner.vbproj
		SccProjectName1 = ModelDesigner
		SccLocalPath1 = ModelDesigner
		SccProjectUniqueName2 = Config\\Config.csproj
		SccProjectName2 = Config
		SccLocalPath2 = Config
	EndGlobalSection
	GlobalSection(SolutionConfigurationPlatforms) = preSolution
		Debug|Any CPU = Debug|Any CPU
		Release|Any CPU = Release|Any CPU
	EndGlobalSection
	GlobalSection(ProjectConfigurationPlatforms) = postSolution
		{E7025EBD-1ED5-4215-B925-38364A56F13D}.Debug|Any CPU.ActiveCfg = Debug|Any CPU
		{E7025EBD-1ED5-4215-B925-38364A56F13D}.Debug|Any CPU.Build.0 = Debug|Any CPU
		{E7025EBD-1ED5-4215-B925-38364A56F13D}.Release|Any CPU.ActiveCfg = Release|Any CPU
		{E7025EBD-1ED5-4215-B925-38364A56F13D}.Release|Any CPU.Build.0 = Release|Any CPU
		{ACD95712-8B2F-4AAA-AC8A-2248D5B1C086}.Debug|Any CPU.ActiveCfg = Debug|Any CPU
		{ACD95712-8B2F-4AAA-AC8A-2248D5B1C086}.Debug|Any CPU.Build.0 = Debug|Any CPU
		{ACD95712-8B2F-4AAA-AC8A-2248D5B1C086}.Release|Any CPU.ActiveCfg = Release|Any CPU
		{ACD95712-8B2F-4AAA-AC8A-2248D5B1C086}.Release|Any CPU.Build.0 = Release|Any CPU
		{3A1F3CF4-3C23-4831-96BE-F250F13ABEC1}.Debug|Any CPU.ActiveCfg = Debug|Any CPU
		{3A1F3CF4-3C23-4831-96BE-F250F13ABEC1}.Debug|Any CPU.Build.0 = Debug|Any CPU
		{3A1F3CF4-3C23-4831-96BE-F250F13ABEC1}.Release|Any CPU.ActiveCfg = Release|Any CPU
		{3A1F3CF4-3C23-4831-96BE-F250F13ABEC1}.Release|Any CPU.Build.0 = Release|Any CPU
	EndGlobalSection
	GlobalSection(SolutionProperties) = preSolution
		HideSolutionNode = FALSE
	EndGlobalSection
EndGlobal
